
Microsoft Visual Studio Solution File, Format Version 12.00
# Visual Studio Version 16
VisualStudioVersion = 16.0.31129.286
MinimumVisualStudioVersion = 10.0.40219.1
Project("{FAE04EC0-301F-11D3-BF4B-00C04F79EFBC}") = "MvcMovie", "MvcMovie\MvcMovie.csproj", "{46D4DD68-FB10-4BB6-826B-431D54FD38AD}"
EndProject
Global
	GlobalSection(SolutionConfigurationPlatforms) = preSolution
		Debug|Any CPU = Debug|Any CPU
		Release|Any CPU = Release|Any CPU
	EndGlobalSection
	GlobalSection(ProjectConfigurationPlatforms) = postSolution
		{46D4DD68-FB10-4BB6-826B-431D54FD38AD}.Debug|Any CPU.ActiveCfg = Debug|Any CPU
		{46D4DD68-FB10-4BB6-826B-431D54FD38AD}.Debug|Any CPU.Build.0 = Debug|Any CPU
		{46D4DD68-FB10-4BB6-826B-431D54FD38AD}.Release|Any CPU.ActiveCfg = Release|Any CPU
		{46D4DD68-FB10-4BB6-826B-431D54FD38AD}.Release|Any CPU.Build.0 = Release|Any CPU
	EndGlobalSection
	GlobalSection(SolutionProperties) = preSolution
		HideSolutionNode = FALSE
	EndGlobalSection
	GlobalSection(ExtensibilityGlobals) = postSolution
		SolutionGuid = {5D8ABC3A-3490-4AB4-B70F-A958FC4FEAF5}
	EndGlobalSection
EndGlobal
